# This file is automatically @generated by Cargo.
# It is not intended for manual editing.
version = 4

[[package]]
name = "ak4h"
version = "0.1.0"
dependencies = [
 "sdave",
]

[[package]]
name = "sdave"
version = "0.2.0"
source = "registry+https://github.com/rust-lang/crates.io-index"
checksum = "d76732d76c6bd7fbaffc25ab096b5ad9dd0be1868296178c6ec50a8c0f03d1cd"
